PODS:
  - CoreDI (0.3.0):
    - CoreMVVM
  - CoreLifecycle (0.1.3)
  - CoreMVVM (0.1.0):
    - CoreLifecycle
  - FBSnapshotTestCase (2.1.4):
    - FBSnapshotTestCase/SwiftSupport (= 2.1.4)
  - FBSnapshotTestCase/Core (2.1.4)
  - FBSnapshotTestCase/SwiftSupport (2.1.4):
    - FBSnapshotTestCase/Core
  - Nimble (7.3.4)
  - Nimble-Snapshots (6.3.0):
    - Nimble-Snapshots/Core (= 6.3.0)
  - Nimble-Snapshots/Core (6.3.0):
    - FBSnapshotTestCase (~> 2.0)
    - Nimble (~> 7.0)
  - Quick (1.2.0)
  - Splash (0.1.0):
    - CoreDI

DEPENDENCIES:
  - FBSnapshotTestCase (~> 2.1.4)
  - Nimble (~> 7.0)
  - Nimble-Snapshots (~> 6.3.0)
  - Quick (~> 1.2.0)
  - Splash (from `../`)

SPEC REPOS:
  https://github.com/CocoaPods/Specs.git:
    - FBSnapshotTestCase
    - Nimble
    - Nimble-Snapshots
    - Quick
  https://github.com/sk409/CocoaPodSpecs.git:
    - CoreDI
    - CoreLifecycle
    - CoreMVVM

EXTERNAL SOURCES:
  Splash:
    :path: "../"

SPEC CHECKSUMS:
  CoreDI: b8954dde798aad49c858d3320b3aa6afdb2440b3
  CoreLifecycle: 6badd5cdb478469147b95910347467dfc3cbad0e
  CoreMVVM: 17e082f71fe2a0d47426463291022e742924c4fd
  FBSnapshotTestCase: 094f9f314decbabe373b87cc339bea235a63e07a
  Nimble: 051e3d8912d40138fa5591c78594f95fb172af37
  Nimble-Snapshots: f5459b5b091678dc942d03ec4741cacb58ba4a52
  Quick: 58d203b1c5e27fff7229c4c1ae445ad7069a7a08
  Splash: 50cfbb961fb137b7c0974d8c1156944cbc020361

PODFILE CHECKSUM: c487e2826f34210431128bc2b1c4448b8cfd9237

COCOAPODS: 1.9.3
